// !$*UTF8*$!
{
	archiveVersion = 1;
	classes = {
	};
	objectVersion = 56;
	objects = {

/* Begin PBXBuildFile section */
		7D0244D02A345F06008BD5CA /* ButtonModifier.swift in Sources */ = {isa = PBXBuildFile; fileRef = 7D0244CF2A345F06008BD5CA /* ButtonModifier.swift */; };
		7D0244D42A348B56008BD5CA /* TextModifier.swift in Sources */ = {isa = PBXBuildFile; fileRef = 7D0244D32A348B56008BD5CA /* TextModifier.swift */; };
		7D0D9DC42A38CD0000309E08 /* Carousel.swift in Sources */ = {isa = PBXBuildFile; fileRef = 7D0D9DC32A38CD0000309E08 /* Carousel.swift */; };
		7D21D0952A271EBA00AF6E8A /* kiniApp.swift in Sources */ = {isa = PBXBuildFile; fileRef = 7D21D0942A271EBA00AF6E8A /* kiniApp.swift */; };
		7D21D0972A271EBA00AF6E8A /* MainView.swift in Sources */ = {isa = PBXBuildFile; fileRef = 7D21D0962A271EBA00AF6E8A /* MainView.swift */; };
		7D21D0992A271EBB00AF6E8A /* Assets.xcassets in Resources */ = {isa = PBXBuildFile; fileRef = 7D21D0982A271EBB00AF6E8A /* Assets.xcassets */; };
		7D21D09C2A271EBB00AF6E8A /* Preview Assets.xcassets in Resources */ = {isa = PBXBuildFile; fileRef = 7D21D09B2A271EBB00AF6E8A /* Preview Assets.xcassets */; };
		7D8050302A2B3B94006B85D7 /* GuardianSelectionView.swift in Sources */ = {isa = PBXBuildFile; fileRef = 7D80502F2A2B3B94006B85D7 /* GuardianSelectionView.swift */; };
		7D8050362A2BFC90006B85D7 /* OnBoardingView.swift in Sources */ = {isa = PBXBuildFile; fileRef = 7D8050352A2BFC90006B85D7 /* OnBoardingView.swift */; };
		7D8050522A2D7A52006B85D7 /* CheckInView.swift in Sources */ = {isa = PBXBuildFile; fileRef = 7D8050512A2D7A52006B85D7 /* CheckInView.swift */; };
		7DDA6D8A2A331A4A00DFCCB1 /* Color.xcassets in Resources */ = {isa = PBXBuildFile; fileRef = 7DDA6D892A331A4A00DFCCB1 /* Color.xcassets */; };
		7DDA6D8C2A336A3000DFCCB1 /* ColorExtension.swift in Sources */ = {isa = PBXBuildFile; fileRef = 7DDA6D8B2A336A3000DFCCB1 /* ColorExtension.swift */; };
		8EACCF6B2A2B6D4400BA679A /* FoodCheckView.swift in Sources */ = {isa = PBXBuildFile; fileRef = 8EACCF6A2A2B6D4400BA679A /* FoodCheckView.swift */; };
		8ECBE7592A301A5B00BD2107 /* ReportView.swift in Sources */ = {isa = PBXBuildFile; fileRef = 8ECBE7582A301A5B00BD2107 /* ReportView.swift */; };
		8ECBE75C2A301A7E00BD2107 /* PopupView in Frameworks */ = {isa = PBXBuildFile; productRef = 8ECBE75B2A301A7E00BD2107 /* PopupView */; };
		8ED5AC912A3339AC00714CD8 /* HistoryView.swift in Sources */ = {isa = PBXBuildFile; fileRef = 8ED5AC902A3339AC00714CD8 /* HistoryView.swift */; };
		8EF007D72A3335FF007BA1B3 /* FeedBackView.swift in Sources */ = {isa = PBXBuildFile; fileRef = 8EF007D62A3335FF007BA1B3 /* FeedBackView.swift */; };
		DE0CF5562A38AEDB00C69757 /* GrapeView.swift in Sources */ = {isa = PBXBuildFile; fileRef = DE0CF5552A38AEDB00C69757 /* GrapeView.swift */; };
		DEE757DB2A36DC8600733CD6 /* MainCardView.swift in Sources */ = {isa = PBXBuildFile; fileRef = DEE757DA2A36DC8600733CD6 /* MainCardView.swift */; };
		DEE757DD2A36DCBE00733CD6 /* MainAlertView.swift in Sources */ = {isa = PBXBuildFile; fileRef = DEE757DC2A36DCBE00733CD6 /* MainAlertView.swift */; };
		DEE757E12A37446800733CD6 /* CameraView.swift in Sources */ = {isa = PBXBuildFile; fileRef = DEE757E02A37446800733CD6 /* CameraView.swift */; };
/* End PBXBuildFile section */

/* Begin PBXFileReference section */
		7D0244CF2A345F06008BD5CA /* ButtonModifier.swift */ = {isa = PBXFileReference; lastKnownFileType = sourcecode.swift; path = ButtonModifier.swift; sourceTree = "<group>"; };
		7D0244D32A348B56008BD5CA /* TextModifier.swift */ = {isa = PBXFileReference; lastKnownFileType = sourcecode.swift; path = TextModifier.swift; sourceTree = "<group>"; };
		7D0D9DC32A38CD0000309E08 /* Carousel.swift */ = {isa = PBXFileReference; lastKnownFileType = sourcecode.swift; path = Carousel.swift; sourceTree = "<group>"; };
		7D21D0912A271EBA00AF6E8A /* kini.app */ = {isa = PBXFileReference; explicitFileType = wrapper.application; includeInIndex = 0; path = kini.app; sourceTree = BUILT_PRODUCTS_DIR; };
		7D21D0942A271EBA00AF6E8A /* kiniApp.swift */ = {isa = PBXFileReference; lastKnownFileType = sourcecode.swift; path = kiniApp.swift; sourceTree = "<group>"; };
		7D21D0962A271EBA00AF6E8A /* MainView.swift */ = {isa = PBXFileReference; lastKnownFileType = sourcecode.swift; path = MainView.swift; sourceTree = "<group>"; };
		7D21D0982A271EBB00AF6E8A /* Assets.xcassets */ = {isa = PBXFileReference; lastKnownFileType = folder.assetcatalog; path = Assets.xcassets; sourceTree = "<group>"; };
		7D21D09B2A271EBB00AF6E8A /* Preview Assets.xcassets */ = {isa = PBXFileReference; lastKnownFileType = folder.assetcatalog; path = "Preview Assets.xcassets"; sourceTree = "<group>"; };
		7D80502F2A2B3B94006B85D7 /* GuardianSelectionView.swift */ = {isa = PBXFileReference; lastKnownFileType = sourcecode.swift; path = GuardianSelectionView.swift; sourceTree = "<group>"; };
		7D8050352A2BFC90006B85D7 /* OnBoardingView.swift */ = {isa = PBXFileReference; lastKnownFileType = sourcecode.swift; path = OnBoardingView.swift; sourceTree = "<group>"; };
		7D8050512A2D7A52006B85D7 /* CheckInView.swift */ = {isa = PBXFileReference; lastKnownFileType = sourcecode.swift; path = CheckInView.swift; sourceTree = "<group>"; };
		7DDA6D892A331A4A00DFCCB1 /* Color.xcassets */ = {isa = PBXFileReference; lastKnownFileType = folder.assetcatalog; path = Color.xcassets; sourceTree = "<group>"; };
		7DDA6D8B2A336A3000DFCCB1 /* ColorExtension.swift */ = {isa = PBXFileReference; lastKnownFileType = sourcecode.swift; path = ColorExtension.swift; sourceTree = "<group>"; };
		8EACCF6A2A2B6D4400BA679A /* FoodCheckView.swift */ = {isa = PBXFileReference; lastKnownFileType = sourcecode.swift; path = FoodCheckView.swift; sourceTree = "<group>"; };
		8ECBE7582A301A5B00BD2107 /* ReportView.swift */ = {isa = PBXFileReference; lastKnownFileType = sourcecode.swift; path = ReportView.swift; sourceTree = "<group>"; };
		8ED5AC902A3339AC00714CD8 /* HistoryView.swift */ = {isa = PBXFileReference; fileEncoding = 4; lastKnownFileType = sourcecode.swift; path = HistoryView.swift; sourceTree = "<group>"; };
		8EF007D62A3335FF007BA1B3 /* FeedBackView.swift */ = {isa = PBXFileReference; lastKnownFileType = sourcecode.swift; path = FeedBackView.swift; sourceTree = "<group>"; };
		DE0CF5552A38AEDB00C69757 /* GrapeView.swift */ = {isa = PBXFileReference; lastKnownFileType = sourcecode.swift; path = GrapeView.swift; sourceTree = "<group>"; };
		DEE757DA2A36DC8600733CD6 /* MainCardView.swift */ = {isa = PBXFileReference; lastKnownFileType = sourcecode.swift; path = MainCardView.swift; sourceTree = "<group>"; };
		DEE757DC2A36DCBE00733CD6 /* MainAlertView.swift */ = {isa = PBXFileReference; lastKnownFileType = sourcecode.swift; path = MainAlertView.swift; sourceTree = "<group>"; };
		DEE757E02A37446800733CD6 /* CameraView.swift */ = {isa = PBXFileReference; lastKnownFileType = sourcecode.swift; path = CameraView.swift; sourceTree = "<group>"; };
/* End PBXFileReference section */

/* Begin PBXFrameworksBuildPhase section */
		7D21D08E2A271EBA00AF6E8A /* Frameworks */ = {
			isa = PBXFrameworksBuildPhase;
			buildActionMask = 2147483647;
			files = (
				8ECBE75C2A301A7E00BD2107 /* PopupView in Frameworks */,
			);
			runOnlyForDeploymentPostprocessing = 0;
		};
/* End PBXFrameworksBuildPhase section */

/* Begin PBXGroup section */
		7D21D0882A271EBA00AF6E8A = {
			isa = PBXGroup;
			children = (
				7D21D0932A271EBA00AF6E8A /* kini */,
				7D21D0922A271EBA00AF6E8A /* Products */,
			);
			sourceTree = "<group>";
		};
		7D21D0922A271EBA00AF6E8A /* Products */ = {
			isa = PBXGroup;
			children = (
				7D21D0912A271EBA00AF6E8A /* kini.app */,
			);
			name = Products;
			sourceTree = "<group>";
		};
		7D21D0932A271EBA00AF6E8A /* kini */ = {
			isa = PBXGroup;
			children = (
				7D80502F2A2B3B94006B85D7 /* GuardianSelectionView.swift */,
				7D8050352A2BFC90006B85D7 /* OnBoardingView.swift */,
				7D8050512A2D7A52006B85D7 /* CheckInView.swift */,
				7D21D0942A271EBA00AF6E8A /* kiniApp.swift */,
				DEE757DC2A36DCBE00733CD6 /* MainAlertView.swift */,
				DEE757DA2A36DC8600733CD6 /* MainCardView.swift */,
				7D21D0962A271EBA00AF6E8A /* MainView.swift */,
				DE0CF5552A38AEDB00C69757 /* GrapeView.swift */,
				DEE757E02A37446800733CD6 /* CameraView.swift */,
				8EF007D62A3335FF007BA1B3 /* FeedBackView.swift */,
				7D21D0982A271EBB00AF6E8A /* Assets.xcassets */,
				8EACCF6A2A2B6D4400BA679A /* FoodCheckView.swift */,
				8ECBE7582A301A5B00BD2107 /* ReportView.swift */,
				8ED5AC902A3339AC00714CD8 /* HistoryView.swift */,
				7D21D09A2A271EBB00AF6E8A /* Preview Content */,
				7DDA6D892A331A4A00DFCCB1 /* Color.xcassets */,
				7DDA6D8B2A336A3000DFCCB1 /* ColorExtension.swift */,
				7D0244CF2A345F06008BD5CA /* ButtonModifier.swift */,
				7D0244D32A348B56008BD5CA /* TextModifier.swift */,
				7D0D9DC32A38CD0000309E08 /* Carousel.swift */,
			);
			path = kini;
			sourceTree = "<group>";
		};
		7D21D09A2A271EBB00AF6E8A /* Preview Content */ = {
			isa = PBXGroup;
			children = (
				7D21D09B2A271EBB00AF6E8A /* Preview Assets.xcassets */,
			);
			path = "Preview Content";
			sourceTree = "<group>";
		};
/* End PBXGroup section */

/* Begin PBXNativeTarget section */
		7D21D0902A271EBA00AF6E8A /* kini */ = {
			isa = PBXNativeTarget;
			buildConfigurationList = 7D21D09F2A271EBB00AF6E8A /* Build configuration list for PBXNativeTarget "kini" */;
			buildPhases = (
				7D21D08D2A271EBA00AF6E8A /* Sources */,
				7D21D08E2A271EBA00AF6E8A /* Frameworks */,
				7D21D08F2A271EBA00AF6E8A /* Resources */,
			);
			buildRules = (
			);
			dependencies = (
			);
			name = kini;
			packageProductDependencies = (
				8ECBE75B2A301A7E00BD2107 /* PopupView */,
			);
			productName = kini;
			productReference = 7D21D0912A271EBA00AF6E8A /* kini.app */;
			productType = "com.apple.product-type.application";
		};
/* End PBXNativeTarget section */

/* Begin PBXProject section */
		7D21D0892A271EBA00AF6E8A /* Project object */ = {
			isa = PBXProject;
			attributes = {
				BuildIndependentTargetsInParallel = 1;
				LastSwiftUpdateCheck = 1430;
				LastUpgradeCheck = 1430;
				TargetAttributes = {
					7D21D0902A271EBA00AF6E8A = {
						CreatedOnToolsVersion = 14.3;
					};
				};
			};
			buildConfigurationList = 7D21D08C2A271EBA00AF6E8A /* Build configuration list for PBXProject "kini" */;
			compatibilityVersion = "Xcode 14.0";
			developmentRegion = en;
			hasScannedForEncodings = 0;
			knownRegions = (
				en,
				Base,
			);
			mainGroup = 7D21D0882A271EBA00AF6E8A;
			packageReferences = (
				8ECBE75A2A301A7E00BD2107 /* XCRemoteSwiftPackageReference "PopupView" */,
			);
			productRefGroup = 7D21D0922A271EBA00AF6E8A /* Products */;
			projectDirPath = "";
			projectRoot = "";
			targets = (
				7D21D0902A271EBA00AF6E8A /* kini */,
			);
		};
/* End PBXProject section */

/* Begin PBXResourcesBuildPhase section */
		7D21D08F2A271EBA00AF6E8A /* Resources */ = {
			isa = PBXResourcesBuildPhase;
			buildActionMask = 2147483647;
			files = (
				7D21D09C2A271EBB00AF6E8A /* Preview Assets.xcassets in Resources */,
				7D21D0992A271EBB00AF6E8A /* Assets.xcassets in Resources */,
				7DDA6D8A2A331A4A00DFCCB1 /* Color.xcassets in Resources */,
			);
			runOnlyForDeploymentPostprocessing = 0;
		};
/* End PBXResourcesBuildPhase section */

/* Begin PBXSourcesBuildPhase section */
		7D21D08D2A271EBA00AF6E8A /* Sources */ = {
			isa = PBXSourcesBuildPhase;
			buildActionMask = 2147483647;
			files = (
				7D21D0972A271EBA00AF6E8A /* MainView.swift in Sources */,
				DEE757DB2A36DC8600733CD6 /* MainCardView.swift in Sources */,
				DEE757DD2A36DCBE00733CD6 /* MainAlertView.swift in Sources */,
				7D8050302A2B3B94006B85D7 /* GuardianSelectionView.swift in Sources */,
				7D0244D42A348B56008BD5CA /* TextModifier.swift in Sources */,
				7D8050362A2BFC90006B85D7 /* OnBoardingView.swift in Sources */,
				7D8050522A2D7A52006B85D7 /* CheckInView.swift in Sources */,
				7D0244D02A345F06008BD5CA /* ButtonModifier.swift in Sources */,
				7DDA6D8C2A336A3000DFCCB1 /* ColorExtension.swift in Sources */,
				7D21D0972A271EBA00AF6E8A /* MainView.swift in Sources */,
				7D21D0952A271EBA00AF6E8A /* kiniApp.swift in Sources */,
				8EF007D72A3335FF007BA1B3 /* FeedBackView.swift in Sources */,
				8ECBE7592A301A5B00BD2107 /* ReportView.swift in Sources */,
				8ED5AC912A3339AC00714CD8 /* HistoryView.swift in Sources */,
				DE0CF5562A38AEDB00C69757 /* GrapeView.swift in Sources */,
				7D0D9DC42A38CD0000309E08 /* Carousel.swift in Sources */,
				8EACCF6B2A2B6D4400BA679A /* FoodCheckView.swift in Sources */,
				DEE757E12A37446800733CD6 /* CameraView.swift in Sources */,
			);
			runOnlyForDeploymentPostprocessing = 0;
		};
/* End PBXSourcesBuildPhase section */

/* Begin XCBuildConfiguration section */
		7D21D09D2A271EBB00AF6E8A /* Debug */ = {
			isa = XCBuildConfiguration;
			buildSettings = {
				ALWAYS_SEARCH_USER_PATHS = NO;
				CLANG_ANALYZER_NONNULL = YES;
				CLANG_ANALYZER_NUMBER_OBJECT_CONVERSION = YES_AGGRESSIVE;
				CLANG_CXX_LANGUAGE_STANDARD = "gnu++20";
				CLANG_ENABLE_MODULES = YES;
				CLANG_ENABLE_OBJC_ARC = YES;
				CLANG_ENABLE_OBJC_WEAK = YES;
				CLANG_WARN_BLOCK_CAPTURE_AUTORELEASING = YES;
				CLANG_WARN_BOOL_CONVERSION = YES;
				CLANG_WARN_COMMA = YES;
				CLANG_WARN_CONSTANT_CONVERSION = YES;
				CLANG_WARN_DEPRECATED_OBJC_IMPLEMENTATIONS = YES;
				CLANG_WARN_DIRECT_OBJC_ISA_USAGE = YES_ERROR;
				CLANG_WARN_DOCUMENTATION_COMMENTS = YES;
				CLANG_WARN_EMPTY_BODY = YES;
				CLANG_WARN_ENUM_CONVERSION = YES;
				CLANG_WARN_INFINITE_RECURSION = YES;
				CLANG_WARN_INT_CONVERSION = YES;
				CLANG_WARN_NON_LITERAL_NULL_CONVERSION = YES;
				CLANG_WARN_OBJC_IMPLICIT_RETAIN_SELF = YES;
				CLANG_WARN_OBJC_LITERAL_CONVERSION = YES;
				CLANG_WARN_OBJC_ROOT_CLASS = YES_ERROR;
				CLANG_WARN_QUOTED_INCLUDE_IN_FRAMEWORK_HEADER = YES;
				CLANG_WARN_RANGE_LOOP_ANALYSIS = YES;
				CLANG_WARN_STRICT_PROTOTYPES = YES;
				CLANG_WARN_SUSPICIOUS_MOVE = YES;
				CLANG_WARN_UNGUARDED_AVAILABILITY = YES_AGGRESSIVE;
				CLANG_WARN_UNREACHABLE_CODE = YES;
				CLANG_WARN__DUPLICATE_METHOD_MATCH = YES;
				COPY_PHASE_STRIP = NO;
				DEBUG_INFORMATION_FORMAT = dwarf;
				ENABLE_STRICT_OBJC_MSGSEND = YES;
				ENABLE_TESTABILITY = YES;
				GCC_C_LANGUAGE_STANDARD = gnu11;
				GCC_DYNAMIC_NO_PIC = NO;
				GCC_NO_COMMON_BLOCKS = YES;
				GCC_OPTIMIZATION_LEVEL = 0;
				GCC_PREPROCESSOR_DEFINITIONS = (
					"DEBUG=1",
					"$(inherited)",
				);
				GCC_WARN_64_TO_32_BIT_CONVERSION = YES;
				GCC_WARN_ABOUT_RETURN_TYPE = YES_ERROR;
				GCC_WARN_UNDECLARED_SELECTOR = YES;
				GCC_WARN_UNINITIALIZED_AUTOS = YES_AGGRESSIVE;
				GCC_WARN_UNUSED_FUNCTION = YES;
				GCC_WARN_UNUSED_VARIABLE = YES;
				IPHONEOS_DEPLOYMENT_TARGET = 16.2;
				MTL_ENABLE_DEBUG_INFO = INCLUDE_SOURCE;
				MTL_FAST_MATH = YES;
				ONLY_ACTIVE_ARCH = YES;
				SDKROOT = iphoneos;
				SWIFT_ACTIVE_COMPILATION_CONDITIONS = DEBUG;
				SWIFT_OPTIMIZATION_LEVEL = "-Onone";
			};
			name = Debug;
		};
		7D21D09E2A271EBB00AF6E8A /* Release */ = {
			isa = XCBuildConfiguration;
			buildSettings = {
				ALWAYS_SEARCH_USER_PATHS = NO;
				CLANG_ANALYZER_NONNULL = YES;
				CLANG_ANALYZER_NUMBER_OBJECT_CONVERSION = YES_AGGRESSIVE;
				CLANG_CXX_LANGUAGE_STANDARD = "gnu++20";
				CLANG_ENABLE_MODULES = YES;
				CLANG_ENABLE_OBJC_ARC = YES;
				CLANG_ENABLE_OBJC_WEAK = YES;
				CLANG_WARN_BLOCK_CAPTURE_AUTORELEASING = YES;
				CLANG_WARN_BOOL_CONVERSION = YES;
				CLANG_WARN_COMMA = YES;
				CLANG_WARN_CONSTANT_CONVERSION = YES;
				CLANG_WARN_DEPRECATED_OBJC_IMPLEMENTATIONS = YES;
				CLANG_WARN_DIRECT_OBJC_ISA_USAGE = YES_ERROR;
				CLANG_WARN_DOCUMENTATION_COMMENTS = YES;
				CLANG_WARN_EMPTY_BODY = YES;
				CLANG_WARN_ENUM_CONVERSION = YES;
				CLANG_WARN_INFINITE_RECURSION = YES;
				CLANG_WARN_INT_CONVERSION = YES;
				CLANG_WARN_NON_LITERAL_NULL_CONVERSION = YES;
				CLANG_WARN_OBJC_IMPLICIT_RETAIN_SELF = YES;
				CLANG_WARN_OBJC_LITERAL_CONVERSION = YES;
				CLANG_WARN_OBJC_ROOT_CLASS = YES_ERROR;
				CLANG_WARN_QUOTED_INCLUDE_IN_FRAMEWORK_HEADER = YES;
				CLANG_WARN_RANGE_LOOP_ANALYSIS = YES;
				CLANG_WARN_STRICT_PROTOTYPES = YES;
				CLANG_WARN_SUSPICIOUS_MOVE = YES;
				CLANG_WARN_UNGUARDED_AVAILABILITY = YES_AGGRESSIVE;
				CLANG_WARN_UNREACHABLE_CODE = YES;
				CLANG_WARN__DUPLICATE_METHOD_MATCH = YES;
				COPY_PHASE_STRIP = NO;
				DEBUG_INFORMATION_FORMAT = "dwarf-with-dsym";
				ENABLE_NS_ASSERTIONS = NO;
				ENABLE_STRICT_OBJC_MSGSEND = YES;
				GCC_C_LANGUAGE_STANDARD = gnu11;
				GCC_NO_COMMON_BLOCKS = YES;
				GCC_WARN_64_TO_32_BIT_CONVERSION = YES;
				GCC_WARN_ABOUT_RETURN_TYPE = YES_ERROR;
				GCC_WARN_UNDECLARED_SELECTOR = YES;
				GCC_WARN_UNINITIALIZED_AUTOS = YES_AGGRESSIVE;
				GCC_WARN_UNUSED_FUNCTION = YES;
				GCC_WARN_UNUSED_VARIABLE = YES;
				IPHONEOS_DEPLOYMENT_TARGET = 16.2;
				MTL_ENABLE_DEBUG_INFO = NO;
				MTL_FAST_MATH = YES;
				SDKROOT = iphoneos;
				SWIFT_COMPILATION_MODE = wholemodule;
				SWIFT_OPTIMIZATION_LEVEL = "-O";
				VALIDATE_PRODUCT = YES;
			};
			name = Release;
		};
		7D21D0A02A271EBB00AF6E8A /* Debug */ = {
			isa = XCBuildConfiguration;
			buildSettings = {
				ASSETCATALOG_COMPILER_APPICON_NAME = AppIcon;
				ASSETCATALOG_COMPILER_GLOBAL_ACCENT_COLOR_NAME = AccentColor;
				CODE_SIGN_STYLE = Automatic;
				CURRENT_PROJECT_VERSION = 1;
				DEVELOPMENT_ASSET_PATHS = "\"kini/Preview Content\"";
				DEVELOPMENT_TEAM = 3XBN996KK2;
				ENABLE_PREVIEWS = YES;
				GENERATE_INFOPLIST_FILE = YES;
				INFOPLIST_KEY_NSCameraUsageDescription = "";
				INFOPLIST_KEY_UIApplicationSceneManifest_Generation = YES;
				INFOPLIST_KEY_UIApplicationSupportsIndirectInputEvents = YES;
				INFOPLIST_KEY_UILaunchScreen_Generation = YES;
				INFOPLIST_KEY_UISupportedInterfaceOrientations = UIInterfaceOrientationPortrait;
				INFOPLIST_KEY_UISupportedInterfaceOrientations_iPad = "UIInterfaceOrientationLandscapeLeft UIInterfaceOrientationLandscapeRight UIInterfaceOrientationPortrait UIInterfaceOrientationPortraitUpsideDown";
				LD_RUNPATH_SEARCH_PATHS = (
					"$(inherited)",
					"@executable_path/Frameworks",
				);
				MARKETING_VERSION = 1.0;
				PRODUCT_BUNDLE_IDENTIFIER = "com.hola-cosette.kini";
				PRODUCT_NAME = "$(TARGET_NAME)";
				SUPPORTED_PLATFORMS = "iphoneos iphonesimulator";
				SUPPORTS_MACCATALYST = NO;
				SUPPORTS_MAC_DESIGNED_FOR_IPHONE_IPAD = NO;
				SWIFT_EMIT_LOC_STRINGS = YES;
				SWIFT_VERSION = 5.0;
				TARGETED_DEVICE_FAMILY = 1;
			};
			name = Debug;
		};
		7D21D0A12A271EBB00AF6E8A /* Release */ = {
			isa = XCBuildConfiguration;
			buildSettings = {
				ASSETCATALOG_COMPILER_APPICON_NAME = AppIcon;
				ASSETCATALOG_COMPILER_GLOBAL_ACCENT_COLOR_NAME = AccentColor;
				CODE_SIGN_STYLE = Automatic;
				CURRENT_PROJECT_VERSION = 1;
				DEVELOPMENT_ASSET_PATHS = "\"kini/Preview Content\"";
				DEVELOPMENT_TEAM = 3XBN996KK2;
				ENABLE_PREVIEWS = YES;
				GENERATE_INFOPLIST_FILE = YES;
				INFOPLIST_KEY_NSCameraUsageDescription = "";
				INFOPLIST_KEY_UIApplicationSceneManifest_Generation = YES;
				INFOPLIST_KEY_UIApplicationSupportsIndirectInputEvents = YES;
				INFOPLIST_KEY_UILaunchScreen_Generation = YES;
				INFOPLIST_KEY_UISupportedInterfaceOrientations = UIInterfaceOrientationPortrait;
				INFOPLIST_KEY_UISupportedInterfaceOrientations_iPad = "UIInterfaceOrientationLandscapeLeft UIInterfaceOrientationLandscapeRight UIInterfaceOrientationPortrait UIInterfaceOrientationPortraitUpsideDown";
				LD_RUNPATH_SEARCH_PATHS = (
					"$(inherited)",
					"@executable_path/Frameworks",
				);
				MARKETING_VERSION = 1.0;
				PRODUCT_BUNDLE_IDENTIFIER = "com.hola-cosette.kini";
				PRODUCT_NAME = "$(TARGET_NAME)";
				SUPPORTED_PLATFORMS = "iphoneos iphonesimulator";
				SUPPORTS_MACCATALYST = NO;
				SUPPORTS_MAC_DESIGNED_FOR_IPHONE_IPAD = NO;
				SWIFT_EMIT_LOC_STRINGS = YES;
				SWIFT_VERSION = 5.0;
				TARGETED_DEVICE_FAMILY = 1;
			};
			name = Release;
		};
/* End XCBuildConfiguration section */

/* Begin XCConfigurationList section */
		7D21D08C2A271EBA00AF6E8A /* Build configuration list for PBXProject "kini" */ = {
			isa = XCConfigurationList;
			buildConfigurations = (
				7D21D09D2A271EBB00AF6E8A /* Debug */,
				7D21D09E2A271EBB00AF6E8A /* Release */,
			);
			defaultConfigurationIsVisible = 0;
			defaultConfigurationName = Release;
		};
		7D21D09F2A271EBB00AF6E8A /* Build configuration list for PBXNativeTarget "kini" */ = {
			isa = XCConfigurationList;
			buildConfigurations = (
				7D21D0A02A271EBB00AF6E8A /* Debug */,
				7D21D0A12A271EBB00AF6E8A /* Release */,
			);
			defaultConfigurationIsVisible = 0;
			defaultConfigurationName = Release;
		};
/* End XCConfigurationList section */

/* Begin XCRemoteSwiftPackageReference section */
		8ECBE75A2A301A7E00BD2107 /* XCRemoteSwiftPackageReference "PopupView" */ = {
			isa = XCRemoteSwiftPackageReference;
			repositoryURL = "https://github.com/exyte/PopupView";
			requirement = {
				kind = upToNextMajorVersion;
				minimumVersion = 2.0.0;
			};
		};
/* End XCRemoteSwiftPackageReference section */

/* Begin XCSwiftPackageProductDependency section */
		8ECBE75B2A301A7E00BD2107 /* PopupView */ = {
			isa = XCSwiftPackageProductDependency;
			package = 8ECBE75A2A301A7E00BD2107 /* XCRemoteSwiftPackageReference "PopupView" */;
			productName = PopupView;
		};
/* End XCSwiftPackageProductDependency section */
	};
	rootObject = 7D21D0892A271EBA00AF6E8A /* Project object */;
}
